
Microsoft Visual Studio Solution File, Format Version 12.00
# Visual Studio Version 17
VisualStudioVersion = 17.14.36212.18 d17.14
MinimumVisualStudioVersion = 10.0.40219.1
Project("{FAE04EC0-301F-11D3-BF4B-00C04F79EFBC}") = "Optimizely.Alloy.Web", "Optimizely.Alloy.Web\Optimizely.Alloy.Web.csproj", "{493A3496-3EBC-45F4-38F8-B3BCA1F272B1}"
EndProject
Global
	GlobalSection(SolutionConfigurationPlatforms) = preSolution
		Debug|Any CPU = Debug|Any CPU
		Release|Any CPU = Release|Any CPU
	EndGlobalSection
	GlobalSection(ProjectConfigurationPlatforms) = postSolution
		{493A3496-3EBC-45F4-38F8-B3BCA1F272B1}.Debug|Any CPU.ActiveCfg = Debug|Any CPU
		{493A3496-3EBC-45F4-38F8-B3BCA1F272B1}.Debug|Any CPU.Build.0 = Debug|Any CPU
		{493A3496-3EBC-45F4-38F8-B3BCA1F272B1}.Release|Any CPU.ActiveCfg = Release|Any CPU
		{493A3496-3EBC-45F4-38F8-B3BCA1F272B1}.Release|Any CPU.Build.0 = Release|Any CPU
	EndGlobalSection
	GlobalSection(SolutionProperties) = preSolution
		HideSolutionNode = FALSE
	EndGlobalSection
	GlobalSection(ExtensibilityGlobals) = postSolution
		SolutionGuid = {65D5E142-728D-4573-B48C-A32B5B14503F}
	EndGlobalSection
EndGlobal
